// !$*UTF8*$!
{
	archiveVersion = 1;
	classes = {
	};
	objectVersion = 60;
	objects = {

/* Begin PBXBuildFile section */
		8A0EC33B2B757F7F0012D142 /* LaunchScreen.storyboard in Resources */ = {isa = PBXBuildFile; fileRef = CEC7604F2B1391E000BA694C /* LaunchScreen.storyboard */; };
		8A0EC33C2B757F7F0012D142 /* Assets.xcassets in Resources */ = {isa = PBXBuildFile; fileRef = CEC7604D2B1391E000BA694C /* Assets.xcassets */; };
		8ABA5A8C2B7570AB006FA6CB /* Validator.swift in Sources */ = {isa = PBXBuildFile; fileRef = 8ABA5A8A2B7570AB006FA6CB /* Validator.swift */; };
		8ABA5A8D2B7570AB006FA6CB /* AlertManager.swift in Sources */ = {isa = PBXBuildFile; fileRef = 8ABA5A8B2B7570AB006FA6CB /* AlertManager.swift */; };
		8ABA5AAF2B757387006FA6CB /* Constants.swift in Sources */ = {isa = PBXBuildFile; fileRef = 8ABA5AAE2B757387006FA6CB /* Constants.swift */; };
		8ABA5AB02B75751A006FA6CB /* HTTP.swift in Sources */ = {isa = PBXBuildFile; fileRef = 8ABA5A882B756EFF006FA6CB /* HTTP.swift */; };
		8ABA5AB12B75751D006FA6CB /* Endpoint.swift in Sources */ = {isa = PBXBuildFile; fileRef = 8ABA5A862B756EFF006FA6CB /* Endpoint.swift */; };
		8ABA5AB42B757526006FA6CB /* TokenManager.swift in Sources */ = {isa = PBXBuildFile; fileRef = 8ABA5AA52B7572E9006FA6CB /* TokenManager.swift */; };
		8ABA5AB52B757526006FA6CB /* AuthService.swift in Sources */ = {isa = PBXBuildFile; fileRef = 8ABA5A892B756EFF006FA6CB /* AuthService.swift */; };
		8ABA5AB72B757530006FA6CB /* User.swift in Sources */ = {isa = PBXBuildFile; fileRef = 8ABA5A902B757158006FA6CB /* User.swift */; };
		8ABA5AB92B757530006FA6CB /* ServerResponses.swift in Sources */ = {isa = PBXBuildFile; fileRef = 8ABA5A922B757158006FA6CB /* ServerResponses.swift */; };
		8ABA5ABD2B757530006FA6CB /* TodoItem.swift in Sources */ = {isa = PBXBuildFile; fileRef = CE8122C12B154812003B0D72 /* TodoItem.swift */; };
		8ABA5ABE2B757530006FA6CB /* UserRequest.swift in Sources */ = {isa = PBXBuildFile; fileRef = 8ABA5A912B757158006FA6CB /* UserRequest.swift */; };
		8ABA5AC02B757543006FA6CB /* ForgorPasswordController.swift in Sources */ = {isa = PBXBuildFile; fileRef = 8ABA5A9C2B757272006FA6CB /* ForgorPasswordController.swift */; };
		8ABA5AC12B757543006FA6CB /* WebViewerController.swift in Sources */ = {isa = PBXBuildFile; fileRef = 8ABA5A9E2B757272006FA6CB /* WebViewerController.swift */; };
		8ABA5AC22B757543006FA6CB /* LoginController.swift in Sources */ = {isa = PBXBuildFile; fileRef = 8ABA5A9B2B757272006FA6CB /* LoginController.swift */; };
		8ABA5AC32B757543006FA6CB /* RegisterController.swift in Sources */ = {isa = PBXBuildFile; fileRef = 8ABA5A9D2B757272006FA6CB /* RegisterController.swift */; };
		8ABA5AC52B75754E006FA6CB /* AuthHeaderView.swift in Sources */ = {isa = PBXBuildFile; fileRef = 8ABA5AA92B757339006FA6CB /* AuthHeaderView.swift */; };
		8ABA5AC62B75754E006FA6CB /* CustomButton.swift in Sources */ = {isa = PBXBuildFile; fileRef = 8ABA5AAA2B757339006FA6CB /* CustomButton.swift */; };
		8ABA5AC72B75754E006FA6CB /* CustomTextField.swift in Sources */ = {isa = PBXBuildFile; fileRef = 8ABA5AA82B757339006FA6CB /* CustomTextField.swift */; };
		8ACBE8702B76D9160013BC36 /* CustomCell.swift in Sources */ = {isa = PBXBuildFile; fileRef = 8ACBE86F2B76D9160013BC36 /* CustomCell.swift */; };
		8ACBE8722B76D94E0013BC36 /* CustomCellViewController.swift in Sources */ = {isa = PBXBuildFile; fileRef = 8ACBE8712B76D94E0013BC36 /* CustomCellViewController.swift */; };
		CEC760452B1391D900BA694C /* AppDelegate.swift in Sources */ = {isa = PBXBuildFile; fileRef = CEC760442B1391D900BA694C /* AppDelegate.swift */; };
		CEC760472B1391D900BA694C /* SceneDelegate.swift in Sources */ = {isa = PBXBuildFile; fileRef = CEC760462B1391D900BA694C /* SceneDelegate.swift */; };
/* End PBXBuildFile section */

/* Begin PBXFileReference section */
		8ABA5A862B756EFF006FA6CB /* Endpoint.swift */ = {isa = PBXFileReference; lastKnownFileType = sourcecode.swift; path = Endpoint.swift; sourceTree = "<group>"; };
		8ABA5A882B756EFF006FA6CB /* HTTP.swift */ = {isa = PBXFileReference; lastKnownFileType = sourcecode.swift; path = HTTP.swift; sourceTree = "<group>"; };
		8ABA5A892B756EFF006FA6CB /* AuthService.swift */ = {isa = PBXFileReference; lastKnownFileType = sourcecode.swift; path = AuthService.swift; sourceTree = "<group>"; };
		8ABA5A8A2B7570AB006FA6CB /* Validator.swift */ = {isa = PBXFileReference; fileEncoding = 4; lastKnownFileType = sourcecode.swift; path = Validator.swift; sourceTree = "<group>"; };
		8ABA5A8B2B7570AB006FA6CB /* AlertManager.swift */ = {isa = PBXFileReference; fileEncoding = 4; lastKnownFileType = sourcecode.swift; path = AlertManager.swift; sourceTree = "<group>"; };
		8ABA5A902B757158006FA6CB /* User.swift */ = {isa = PBXFileReference; fileEncoding = 4; lastKnownFileType = sourcecode.swift; path = User.swift; sourceTree = "<group>"; };
		8ABA5A912B757158006FA6CB /* UserRequest.swift */ = {isa = PBXFileReference; fileEncoding = 4; lastKnownFileType = sourcecode.swift; path = UserRequest.swift; sourceTree = "<group>"; };
		8ABA5A922B757158006FA6CB /* ServerResponses.swift */ = {isa = PBXFileReference; fileEncoding = 4; lastKnownFileType = sourcecode.swift; path = ServerResponses.swift; sourceTree = "<group>"; };
		8ABA5A9B2B757272006FA6CB /* LoginController.swift */ = {isa = PBXFileReference; fileEncoding = 4; lastKnownFileType = sourcecode.swift; path = LoginController.swift; sourceTree = "<group>"; };
		8ABA5A9C2B757272006FA6CB /* ForgorPasswordController.swift */ = {isa = PBXFileReference; fileEncoding = 4; lastKnownFileType = sourcecode.swift; path = ForgorPasswordController.swift; sourceTree = "<group>"; };
		8ABA5A9D2B757272006FA6CB /* RegisterController.swift */ = {isa = PBXFileReference; fileEncoding = 4; lastKnownFileType = sourcecode.swift; path = RegisterController.swift; sourceTree = "<group>"; };
		8ABA5A9E2B757272006FA6CB /* WebViewerController.swift */ = {isa = PBXFileReference; fileEncoding = 4; lastKnownFileType = sourcecode.swift; path = WebViewerController.swift; sourceTree = "<group>"; };
		8ABA5AA52B7572E9006FA6CB /* TokenManager.swift */ = {isa = PBXFileReference; fileEncoding = 4; lastKnownFileType = sourcecode.swift; path = TokenManager.swift; sourceTree = "<group>"; };
		8ABA5AA82B757339006FA6CB /* CustomTextField.swift */ = {isa = PBXFileReference; fileEncoding = 4; lastKnownFileType = sourcecode.swift; path = CustomTextField.swift; sourceTree = "<group>"; };
		8ABA5AA92B757339006FA6CB /* AuthHeaderView.swift */ = {isa = PBXFileReference; fileEncoding = 4; lastKnownFileType = sourcecode.swift; path = AuthHeaderView.swift; sourceTree = "<group>"; };
		8ABA5AAA2B757339006FA6CB /* CustomButton.swift */ = {isa = PBXFileReference; fileEncoding = 4; lastKnownFileType = sourcecode.swift; path = CustomButton.swift; sourceTree = "<group>"; };
		8ABA5AAE2B757387006FA6CB /* Constants.swift */ = {isa = PBXFileReference; fileEncoding = 4; lastKnownFileType = sourcecode.swift; path = Constants.swift; sourceTree = "<group>"; };
		8ACBE86F2B76D9160013BC36 /* CustomCell.swift */ = {isa = PBXFileReference; fileEncoding = 4; lastKnownFileType = sourcecode.swift; path = CustomCell.swift; sourceTree = "<group>"; };
		8ACBE8712B76D94E0013BC36 /* CustomCellViewController.swift */ = {isa = PBXFileReference; fileEncoding = 4; lastKnownFileType = sourcecode.swift; path = CustomCellViewController.swift; sourceTree = "<group>"; };
		CE8122C12B154812003B0D72 /* TodoItem.swift */ = {isa = PBXFileReference; lastKnownFileType = sourcecode.swift; path = TodoItem.swift; sourceTree = "<group>"; };
		CEC760412B1391D900BA694C /* ToDoList.app */ = {isa = PBXFileReference; explicitFileType = wrapper.application; includeInIndex = 0; path = ToDoList.app; sourceTree = BUILT_PRODUCTS_DIR; };
		CEC760442B1391D900BA694C /* AppDelegate.swift */ = {isa = PBXFileReference; lastKnownFileType = sourcecode.swift; path = AppDelegate.swift; sourceTree = "<group>"; };
		CEC760462B1391D900BA694C /* SceneDelegate.swift */ = {isa = PBXFileReference; lastKnownFileType = sourcecode.swift; path = SceneDelegate.swift; sourceTree = "<group>"; };
		CEC7604D2B1391E000BA694C /* Assets.xcassets */ = {isa = PBXFileReference; lastKnownFileType = folder.assetcatalog; path = Assets.xcassets; sourceTree = "<group>"; };
		CEC760502B1391E000BA694C /* Base */ = {isa = PBXFileReference; lastKnownFileType = file.storyboard; name = Base; path = Base.lproj/LaunchScreen.storyboard; sourceTree = "<group>"; };
		CEC760522B1391E000BA694C /* Info.plist */ = {isa = PBXFileReference; lastKnownFileType = text.plist.xml; path = Info.plist; sourceTree = "<group>"; };
/* End PBXFileReference section */

/* Begin PBXFrameworksBuildPhase section */
		CEC7603E2B1391D900BA694C /* Frameworks */ = {
			isa = PBXFrameworksBuildPhase;
			buildActionMask = 2147483647;
			files = (
			);
			runOnlyForDeploymentPostprocessing = 0;
		};
/* End PBXFrameworksBuildPhase section */

/* Begin PBXGroup section */
		8A6B0F4D2B715FC000124302 /* Models */ = {
			isa = PBXGroup;
			children = (
				8ABA5A902B757158006FA6CB /* User.swift */,
				CE8122C12B154812003B0D72 /* TodoItem.swift */,
				8ABA5A912B757158006FA6CB /* UserRequest.swift */,
				8ABA5A922B757158006FA6CB /* ServerResponses.swift */,
			);
			path = Models;
			sourceTree = "<group>";
		};
		8A6B0F502B71614D00124302 /* Views */ = {
			isa = PBXGroup;
			children = (
				8ACBE86F2B76D9160013BC36 /* CustomCell.swift */,
				8ABA5AA92B757339006FA6CB /* AuthHeaderView.swift */,
				8ABA5AA82B757339006FA6CB /* CustomTextField.swift */,
				8ABA5AAA2B757339006FA6CB /* CustomButton.swift */,
			);
			path = Views;
			sourceTree = "<group>";
		};
		8A6B0F512B71616F00124302 /* Controllers */ = {
			isa = PBXGroup;
			children = (
				8ACBE8712B76D94E0013BC36 /* CustomCellViewController.swift */,
				8ABA5A9B2B757272006FA6CB /* LoginController.swift */,
				8ABA5A9D2B757272006FA6CB /* RegisterController.swift */,
				8ABA5A9C2B757272006FA6CB /* ForgorPasswordController.swift */,
				8ABA5A9E2B757272006FA6CB /* WebViewerController.swift */,
			);
			path = Controllers;
			sourceTree = "<group>";
		};
		8ABA5A852B756EF4006FA6CB /* API */ = {
			isa = PBXGroup;
			children = (
				8ABA5A882B756EFF006FA6CB /* HTTP.swift */,
				8ABA5A862B756EFF006FA6CB /* Endpoint.swift */,
				8ABA5A892B756EFF006FA6CB /* AuthService.swift */,
				8ABA5AA52B7572E9006FA6CB /* TokenManager.swift */,
			);
			path = API;
			sourceTree = "<group>";
		};
		CEC760382B1391D900BA694C = {
			isa = PBXGroup;
			children = (
				CEC760432B1391D900BA694C /* ToDoList */,
				CEC760422B1391D900BA694C /* Products */,
			);
			sourceTree = "<group>";
		};
		CEC760422B1391D900BA694C /* Products */ = {
			isa = PBXGroup;
			children = (
				CEC760412B1391D900BA694C /* ToDoList.app */,
			);
			name = Products;
			sourceTree = "<group>";
		};
		CEC760432B1391D900BA694C /* ToDoList */ = {
			isa = PBXGroup;
			children = (
				8ABA5AAE2B757387006FA6CB /* Constants.swift */,
				8ABA5A8B2B7570AB006FA6CB /* AlertManager.swift */,
				8ABA5A8A2B7570AB006FA6CB /* Validator.swift */,
				8ABA5A852B756EF4006FA6CB /* API */,
				8A6B0F4D2B715FC000124302 /* Models */,
				8A6B0F512B71616F00124302 /* Controllers */,
				8A6B0F502B71614D00124302 /* Views */,
				CEC760442B1391D900BA694C /* AppDelegate.swift */,
				CEC760462B1391D900BA694C /* SceneDelegate.swift */,
				CEC7604F2B1391E000BA694C /* LaunchScreen.storyboard */,
				CEC7604D2B1391E000BA694C /* Assets.xcassets */,
				CEC760522B1391E000BA694C /* Info.plist */,
			);
			path = ToDoList;
			sourceTree = "<group>";
		};
/* End PBXGroup section */

/* Begin PBXNativeTarget section */
		CEC760402B1391D900BA694C /* ToDoList */ = {
			isa = PBXNativeTarget;
			buildConfigurationList = CEC760552B1391E000BA694C /* Build configuration list for PBXNativeTarget "ToDoList" */;
			buildPhases = (
				CEC7603D2B1391D900BA694C /* Sources */,
				CEC7603E2B1391D900BA694C /* Frameworks */,
				CEC7603F2B1391D900BA694C /* Resources */,
			);
			buildRules = (
			);
			dependencies = (
			);
			name = ToDoList;
			productName = ToDoList;
			productReference = CEC760412B1391D900BA694C /* ToDoList.app */;
			productType = "com.apple.product-type.application";
		};
/* End PBXNativeTarget section */

/* Begin PBXProject section */
		CEC760392B1391D900BA694C /* Project object */ = {
			isa = PBXProject;
			attributes = {
				BuildIndependentTargetsInParallel = 1;
				LastSwiftUpdateCheck = 1500;
				LastUpgradeCheck = 1500;
				TargetAttributes = {
					CEC760402B1391D900BA694C = {
						CreatedOnToolsVersion = 15.0.1;
					};
				};
			};
			buildConfigurationList = CEC7603C2B1391D900BA694C /* Build configuration list for PBXProject "ToDoList" */;
			compatibilityVersion = "Xcode 15.0";
			developmentRegion = en;
			hasScannedForEncodings = 0;
			knownRegions = (
				en,
				Base,
			);
			mainGroup = CEC760382B1391D900BA694C;
			productRefGroup = CEC760422B1391D900BA694C /* Products */;
			projectDirPath = "";
			projectRoot = "";
			targets = (
				CEC760402B1391D900BA694C /* ToDoList */,
			);
		};
/* End PBXProject section */

/* Begin PBXResourcesBuildPhase section */
		CEC7603F2B1391D900BA694C /* Resources */ = {
			isa = PBXResourcesBuildPhase;
			buildActionMask = 2147483647;
			files = (
				8A0EC33B2B757F7F0012D142 /* LaunchScreen.storyboard in Resources */,
				8A0EC33C2B757F7F0012D142 /* Assets.xcassets in Resources */,
			);
			runOnlyForDeploymentPostprocessing = 0;
		};
/* End PBXResourcesBuildPhase section */

/* Begin PBXSourcesBuildPhase section */
		CEC7603D2B1391D900BA694C /* Sources */ = {
			isa = PBXSourcesBuildPhase;
			buildActionMask = 2147483647;
			files = (
				8ABA5AB02B75751A006FA6CB /* HTTP.swift in Sources */,
				CEC760452B1391D900BA694C /* AppDelegate.swift in Sources */,
				8ABA5ABE2B757530006FA6CB /* UserRequest.swift in Sources */,
				8ABA5AC62B75754E006FA6CB /* CustomButton.swift in Sources */,
				8ABA5ABD2B757530006FA6CB /* TodoItem.swift in Sources */,
				8ABA5AC12B757543006FA6CB /* WebViewerController.swift in Sources */,
				8ABA5A8C2B7570AB006FA6CB /* Validator.swift in Sources */,
				8ABA5AAF2B757387006FA6CB /* Constants.swift in Sources */,
				8ACBE8722B76D94E0013BC36 /* CustomCellViewController.swift in Sources */,
				8ABA5AC32B757543006FA6CB /* RegisterController.swift in Sources */,
				8ABA5A8D2B7570AB006FA6CB /* AlertManager.swift in Sources */,
				8ABA5AC72B75754E006FA6CB /* CustomTextField.swift in Sources */,
				8ABA5AC52B75754E006FA6CB /* AuthHeaderView.swift in Sources */,
				8ABA5AC22B757543006FA6CB /* LoginController.swift in Sources */,
				8ABA5AB12B75751D006FA6CB /* Endpoint.swift in Sources */,
				8ABA5AB52B757526006FA6CB /* AuthService.swift in Sources */,
				8ABA5AB92B757530006FA6CB /* ServerResponses.swift in Sources */,
				8ACBE8702B76D9160013BC36 /* CustomCell.swift in Sources */,
				8ABA5AB42B757526006FA6CB /* TokenManager.swift in Sources */,
				8ABA5AC02B757543006FA6CB /* ForgorPasswordController.swift in Sources */,
				CEC760472B1391D900BA694C /* SceneDelegate.swift in Sources */,
				8ABA5AB72B757530006FA6CB /* User.swift in Sources */,
			);
			runOnlyForDeploymentPostprocessing = 0;
		};
/* End PBXSourcesBuildPhase section */

/* Begin PBXVariantGroup section */
		CEC7604F2B1391E000BA694C /* LaunchScreen.storyboard */ = {
			isa = PBXVariantGroup;
			children = (
				CEC760502B1391E000BA694C /* Base */,
			);
			name = LaunchScreen.storyboard;
			sourceTree = "<group>";
		};
/* End PBXVariantGroup section */

/* Begin XCBuildConfiguration section */
		CEC760532B1391E000BA694C /* Debug */ = {
			isa = XCBuildConfiguration;
			buildSettings = {
				ALWAYS_SEARCH_USER_PATHS = NO;
				ASSETCATALOG_COMPILER_GENERATE_SWIFT_ASSET_SYMBOL_EXTENSIONS = YES;
				CLANG_ANALYZER_NONNULL = YES;
				CLANG_ANALYZER_NUMBER_OBJECT_CONVERSION = YES_AGGRESSIVE;
				CLANG_CXX_LANGUAGE_STANDARD = "gnu++20";
				CLANG_ENABLE_MODULES = YES;
				CLANG_ENABLE_OBJC_ARC = YES;
				CLANG_ENABLE_OBJC_WEAK = YES;
				CLANG_WARN_BLOCK_CAPTURE_AUTORELEASING = YES;
				CLANG_WARN_BOOL_CONVERSION = YES;
				CLANG_WARN_COMMA = YES;
				CLANG_WARN_CONSTANT_CONVERSION = YES;
				CLANG_WARN_DEPRECATED_OBJC_IMPLEMENTATIONS = YES;
				CLANG_WARN_DIRECT_OBJC_ISA_USAGE = YES_ERROR;
				CLANG_WARN_DOCUMENTATION_COMMENTS = YES;
				CLANG_WARN_EMPTY_BODY = YES;
				CLANG_WARN_ENUM_CONVERSION = YES;
				CLANG_WARN_INFINITE_RECURSION = YES;
				CLANG_WARN_INT_CONVERSION = YES;
				CLANG_WARN_NON_LITERAL_NULL_CONVERSION = YES;
				CLANG_WARN_OBJC_IMPLICIT_RETAIN_SELF = YES;
				CLANG_WARN_OBJC_LITERAL_CONVERSION = YES;
				CLANG_WARN_OBJC_ROOT_CLASS = YES_ERROR;
				CLANG_WARN_QUOTED_INCLUDE_IN_FRAMEWORK_HEADER = YES;
				CLANG_WARN_RANGE_LOOP_ANALYSIS = YES;
				CLANG_WARN_STRICT_PROTOTYPES = YES;
				CLANG_WARN_SUSPICIOUS_MOVE = YES;
				CLANG_WARN_UNGUARDED_AVAILABILITY = YES_AGGRESSIVE;
				CLANG_WARN_UNREACHABLE_CODE = YES;
				CLANG_WARN__DUPLICATE_METHOD_MATCH = YES;
				COPY_PHASE_STRIP = NO;
				DEBUG_INFORMATION_FORMAT = dwarf;
				ENABLE_STRICT_OBJC_MSGSEND = YES;
				ENABLE_TESTABILITY = YES;
				ENABLE_USER_SCRIPT_SANDBOXING = YES;
				GCC_C_LANGUAGE_STANDARD = gnu17;
				GCC_DYNAMIC_NO_PIC = NO;
				GCC_NO_COMMON_BLOCKS = YES;
				GCC_OPTIMIZATION_LEVEL = 0;
				GCC_PREPROCESSOR_DEFINITIONS = (
					"DEBUG=1",
					"$(inherited)",
				);
				GCC_WARN_64_TO_32_BIT_CONVERSION = YES;
				GCC_WARN_ABOUT_RETURN_TYPE = YES_ERROR;
				GCC_WARN_UNDECLARED_SELECTOR = YES;
				GCC_WARN_UNINITIALIZED_AUTOS = YES_AGGRESSIVE;
				GCC_WARN_UNUSED_FUNCTION = YES;
				GCC_WARN_UNUSED_VARIABLE = YES;
				IPHONEOS_DEPLOYMENT_TARGET = 17.0;
				LOCALIZATION_PREFERS_STRING_CATALOGS = YES;
				MTL_ENABLE_DEBUG_INFO = INCLUDE_SOURCE;
				MTL_FAST_MATH = YES;
				ONLY_ACTIVE_ARCH = YES;
				SDKROOT = iphoneos;
				SWIFT_ACTIVE_COMPILATION_CONDITIONS = "DEBUG $(inherited)";
				SWIFT_OPTIMIZATION_LEVEL = "-Onone";
			};
			name = Debug;
		};
		CEC760542B1391E000BA694C /* Release */ = {
			isa = XCBuildConfiguration;
			buildSettings = {
				ALWAYS_SEARCH_USER_PATHS = NO;
				ASSETCATALOG_COMPILER_GENERATE_SWIFT_ASSET_SYMBOL_EXTENSIONS = YES;
				CLANG_ANALYZER_NONNULL = YES;
				CLANG_ANALYZER_NUMBER_OBJECT_CONVERSION = YES_AGGRESSIVE;
				CLANG_CXX_LANGUAGE_STANDARD = "gnu++20";
				CLANG_ENABLE_MODULES = YES;
				CLANG_ENABLE_OBJC_ARC = YES;
				CLANG_ENABLE_OBJC_WEAK = YES;
				CLANG_WARN_BLOCK_CAPTURE_AUTORELEASING = YES;
				CLANG_WARN_BOOL_CONVERSION = YES;
				CLANG_WARN_COMMA = YES;
				CLANG_WARN_CONSTANT_CONVERSION = YES;
				CLANG_WARN_DEPRECATED_OBJC_IMPLEMENTATIONS = YES;
				CLANG_WARN_DIRECT_OBJC_ISA_USAGE = YES_ERROR;
				CLANG_WARN_DOCUMENTATION_COMMENTS = YES;
				CLANG_WARN_EMPTY_BODY = YES;
				CLANG_WARN_ENUM_CONVERSION = YES;
				CLANG_WARN_INFINITE_RECURSION = YES;
				CLANG_WARN_INT_CONVERSION = YES;
				CLANG_WARN_NON_LITERAL_NULL_CONVERSION = YES;
				CLANG_WARN_OBJC_IMPLICIT_RETAIN_SELF = YES;
				CLANG_WARN_OBJC_LITERAL_CONVERSION = YES;
				CLANG_WARN_OBJC_ROOT_CLASS = YES_ERROR;
				CLANG_WARN_QUOTED_INCLUDE_IN_FRAMEWORK_HEADER = YES;
				CLANG_WARN_RANGE_LOOP_ANALYSIS = YES;
				CLANG_WARN_STRICT_PROTOTYPES = YES;
				CLANG_WARN_SUSPICIOUS_MOVE = YES;
				CLANG_WARN_UNGUARDED_AVAILABILITY = YES_AGGRESSIVE;
				CLANG_WARN_UNREACHABLE_CODE = YES;
				CLANG_WARN__DUPLICATE_METHOD_MATCH = YES;
				COPY_PHASE_STRIP = NO;
				DEBUG_INFORMATION_FORMAT = "dwarf-with-dsym";
				ENABLE_NS_ASSERTIONS = NO;
				ENABLE_STRICT_OBJC_MSGSEND = YES;
				ENABLE_USER_SCRIPT_SANDBOXING = YES;
				GCC_C_LANGUAGE_STANDARD = gnu17;
				GCC_NO_COMMON_BLOCKS = YES;
				GCC_WARN_64_TO_32_BIT_CONVERSION = YES;
				GCC_WARN_ABOUT_RETURN_TYPE = YES_ERROR;
				GCC_WARN_UNDECLARED_SELECTOR = YES;
				GCC_WARN_UNINITIALIZED_AUTOS = YES_AGGRESSIVE;
				GCC_WARN_UNUSED_FUNCTION = YES;
				GCC_WARN_UNUSED_VARIABLE = YES;
				IPHONEOS_DEPLOYMENT_TARGET = 17.0;
				LOCALIZATION_PREFERS_STRING_CATALOGS = YES;
				MTL_ENABLE_DEBUG_INFO = NO;
				MTL_FAST_MATH = YES;
				SDKROOT = iphoneos;
				SWIFT_COMPILATION_MODE = wholemodule;
				VALIDATE_PRODUCT = YES;
			};
			name = Release;
		};
		CEC760562B1391E000BA694C /* Debug */ = {
			isa = XCBuildConfiguration;
			buildSettings = {
				ASSETCATALOG_COMPILER_APPICON_NAME = AppIcon;
				ASSETCATALOG_COMPILER_GLOBAL_ACCENT_COLOR_NAME = AccentColor;
				CODE_SIGN_STYLE = Automatic;
				CURRENT_PROJECT_VERSION = 1;
				DEVELOPMENT_TEAM = 7S5V69DMQR;
				GENERATE_INFOPLIST_FILE = YES;
				INFOPLIST_FILE = ToDoList/Info.plist;
				INFOPLIST_KEY_UIApplicationSupportsIndirectInputEvents = YES;
				INFOPLIST_KEY_UILaunchStoryboardName = LaunchScreen.storyboard;
				INFOPLIST_KEY_UISupportedInterfaceOrientations_iPad = "UIInterfaceOrientationPortrait UIInterfaceOrientationPortraitUpsideDown UIInterfaceOrientationLandscapeLeft UIInterfaceOrientationLandscapeRight";
				INFOPLIST_KEY_UISupportedInterfaceOrientations_iPhone = "UIInterfaceOrientationPortrait UIInterfaceOrientationLandscapeLeft UIInterfaceOrientationLandscapeRight";
				LD_RUNPATH_SEARCH_PATHS = (
					"$(inherited)",
					"@executable_path/Frameworks",
				);
				MARKETING_VERSION = 1.0;
				PRODUCT_BUNDLE_IDENTIFIER = kintolayli.ToDoList;
				PRODUCT_NAME = "$(TARGET_NAME)";
				SWIFT_EMIT_LOC_STRINGS = YES;
				SWIFT_VERSION = 5.0;
				TARGETED_DEVICE_FAMILY = "1,2";
			};
			name = Debug;
		};
		CEC760572B1391E000BA694C /* Release */ = {
			isa = XCBuildConfiguration;
			buildSettings = {
				ASSETCATALOG_COMPILER_APPICON_NAME = AppIcon;
				ASSETCATALOG_COMPILER_GLOBAL_ACCENT_COLOR_NAME = AccentColor;
				CODE_SIGN_STYLE = Automatic;
				CURRENT_PROJECT_VERSION = 1;
				DEVELOPMENT_TEAM = 7S5V69DMQR;
				GENERATE_INFOPLIST_FILE = YES;
				INFOPLIST_FILE = ToDoList/Info.plist;
				INFOPLIST_KEY_UIApplicationSupportsIndirectInputEvents = YES;
				INFOPLIST_KEY_UILaunchStoryboardName = LaunchScreen.storyboard;
				INFOPLIST_KEY_UISupportedInterfaceOrientations_iPad = "UIInterfaceOrientationPortrait UIInterfaceOrientationPortraitUpsideDown UIInterfaceOrientationLandscapeLeft UIInterfaceOrientationLandscapeRight";
				INFOPLIST_KEY_UISupportedInterfaceOrientations_iPhone = "UIInterfaceOrientationPortrait UIInterfaceOrientationLandscapeLeft UIInterfaceOrientationLandscapeRight";
				LD_RUNPATH_SEARCH_PATHS = (
					"$(inherited)",
					"@executable_path/Frameworks",
				);
				MARKETING_VERSION = 1.0;
				PRODUCT_BUNDLE_IDENTIFIER = kintolayli.ToDoList;
				PRODUCT_NAME = "$(TARGET_NAME)";
				SWIFT_EMIT_LOC_STRINGS = YES;
				SWIFT_VERSION = 5.0;
				TARGETED_DEVICE_FAMILY = "1,2";
			};
			name = Release;
		};
/* End XCBuildConfiguration section */

/* Begin XCConfigurationList section */
		CEC7603C2B1391D900BA694C /* Build configuration list for PBXProject "ToDoList" */ = {
			isa = XCConfigurationList;
			buildConfigurations = (
				CEC760532B1391E000BA694C /* Debug */,
				CEC760542B1391E000BA694C /* Release */,
			);
			defaultConfigurationIsVisible = 0;
			defaultConfigurationName = Release;
		};
		CEC760552B1391E000BA694C /* Build configuration list for PBXNativeTarget "ToDoList" */ = {
			isa = XCConfigurationList;
			buildConfigurations = (
				CEC760562B1391E000BA694C /* Debug */,
				CEC760572B1391E000BA694C /* Release */,
			);
			defaultConfigurationIsVisible = 0;
			defaultConfigurationName = Release;
		};
/* End XCConfigurationList section */
	};
	rootObject = CEC760392B1391D900BA694C /* Project object */;
}
